
Microsoft Visual Studio Solution File, Format Version 12.00
# Visual Studio Version 17
VisualStudioVersion = 17.2.32630.192
MinimumVisualStudioVersion = 10.0.40219.1
Project("{9A19103F-16F7-4668-BE54-9A1E7A4F7556}") = "LetsMusicTP1.Presentation", "LetsMusicTP1\LetsMusicTP1.Presentation.csproj", "{2B8403A1-C7B8-4EF1-A7BC-E19D7CCCC3E6}"
EndProject
Project("{FAE04EC0-301F-11D3-BF4B-00C04F79EFBC}") = "LetsMusicTP1.Domain", "LetsMusicTP1.Domain\LetsMusicTP1.Domain.csproj", "{CE007696-AA25-412A-9CF5-E4E389AB8358}"
EndProject
Project("{FAE04EC0-301F-11D3-BF4B-00C04F79EFBC}") = "LetsMusicTP1.Repositories", "LetsMusicTP1.Repositories\LetsMusicTP1.Repositories.csproj", "{0236179C-3523-40F9-84B1-B380E34D310B}"
EndProject
Project("{FAE04EC0-301F-11D3-BF4B-00C04F79EFBC}") = "LetsMusicTP1.Services", "LetsMusicTP1.Services\LetsMusicTP1.Services.csproj", "{3EAD1A75-17D6-4169-9D9D-758060908C8B}"
EndProject
Global
	GlobalSection(SolutionConfigurationPlatforms) = preSolution
		Debug|Any CPU = Debug|Any CPU
		Release|Any CPU = Release|Any CPU
	EndGlobalSection
	GlobalSection(ProjectConfigurationPlatforms) = postSolution
		{2B8403A1-C7B8-4EF1-A7BC-E19D7CCCC3E6}.Debug|Any CPU.ActiveCfg = Debug|Any CPU
		{2B8403A1-C7B8-4EF1-A7BC-E19D7CCCC3E6}.Debug|Any CPU.Build.0 = Debug|Any CPU
		{2B8403A1-C7B8-4EF1-A7BC-E19D7CCCC3E6}.Release|Any CPU.ActiveCfg = Release|Any CPU
		{2B8403A1-C7B8-4EF1-A7BC-E19D7CCCC3E6}.Release|Any CPU.Build.0 = Release|Any CPU
		{CE007696-AA25-412A-9CF5-E4E389AB8358}.Debug|Any CPU.ActiveCfg = Debug|Any CPU
		{CE007696-AA25-412A-9CF5-E4E389AB8358}.Debug|Any CPU.Build.0 = Debug|Any CPU
		{CE007696-AA25-412A-9CF5-E4E389AB8358}.Release|Any CPU.ActiveCfg = Release|Any CPU
		{CE007696-AA25-412A-9CF5-E4E389AB8358}.Release|Any CPU.Build.0 = Release|Any CPU
		{0236179C-3523-40F9-84B1-B380E34D310B}.Debug|Any CPU.ActiveCfg = Debug|Any CPU
		{0236179C-3523-40F9-84B1-B380E34D310B}.Debug|Any CPU.Build.0 = Debug|Any CPU
		{0236179C-3523-40F9-84B1-B380E34D310B}.Release|Any CPU.ActiveCfg = Release|Any CPU
		{0236179C-3523-40F9-84B1-B380E34D310B}.Release|Any CPU.Build.0 = Release|Any CPU
		{3EAD1A75-17D6-4169-9D9D-758060908C8B}.Debug|Any CPU.ActiveCfg = Debug|Any CPU
		{3EAD1A75-17D6-4169-9D9D-758060908C8B}.Debug|Any CPU.Build.0 = Debug|Any CPU
		{3EAD1A75-17D6-4169-9D9D-758060908C8B}.Release|Any CPU.ActiveCfg = Release|Any CPU
		{3EAD1A75-17D6-4169-9D9D-758060908C8B}.Release|Any CPU.Build.0 = Release|Any CPU
	EndGlobalSection
	GlobalSection(SolutionProperties) = preSolution
		HideSolutionNode = FALSE
	EndGlobalSection
	GlobalSection(ExtensibilityGlobals) = postSolution
		SolutionGuid = {711E7D46-5D5C-47D9-95D4-7F3572A1A8B0}
	EndGlobalSection
EndGlobal
